
Microsoft Visual Studio Solution File, Format Version 12.00
# Visual Studio Version 17
VisualStudioVersion = 17.10.35122.118
MinimumVisualStudioVersion = 10.0.40219.1
Project("{9A19103F-16F7-4668-BE54-9A1E7A4F7556}") = "Api", "Api\Api.csproj", "{EA16932E-27B3-49BD-91D6-D8A0B82EFF1A}"
EndProject
Project("{9A19103F-16F7-4668-BE54-9A1E7A4F7556}") = "Core", "Core\Core.csproj", "{44BF9955-2ADD-4B60-92E1-D769F9FEE3EE}"
EndProject
Project("{9A19103F-16F7-4668-BE54-9A1E7A4F7556}") = "Infrastructure", "Infrastructure\Infrastructure.csproj", "{C75CDC3E-EDA4-49EF-B25E-9221AC89E07F}"
EndProject
Project("{FAE04EC0-301F-11D3-BF4B-00C04F79EFBC}") = "LoggerService", "LoggerService\LoggerService.csproj", "{20573E2F-E47D-4B05-88A7-70B80DA47897}"
EndProject
Project("{FAE04EC0-301F-11D3-BF4B-00C04F79EFBC}") = "Contracts", "Contracts\Contracts.csproj", "{B1F9FE5D-124E-462F-8F25-3E5FFCCA254F}"
EndProject
Global
	GlobalSection(SolutionConfigurationPlatforms) = preSolution
		Debug|Any CPU = Debug|Any CPU
		Release|Any CPU = Release|Any CPU
	EndGlobalSection
	GlobalSection(ProjectConfigurationPlatforms) = postSolution
		{EA16932E-27B3-49BD-91D6-D8A0B82EFF1A}.Debug|Any CPU.ActiveCfg = Debug|Any CPU
		{EA16932E-27B3-49BD-91D6-D8A0B82EFF1A}.Debug|Any CPU.Build.0 = Debug|Any CPU
		{EA16932E-27B3-49BD-91D6-D8A0B82EFF1A}.Release|Any CPU.ActiveCfg = Release|Any CPU
		{EA16932E-27B3-49BD-91D6-D8A0B82EFF1A}.Release|Any CPU.Build.0 = Release|Any CPU
		{44BF9955-2ADD-4B60-92E1-D769F9FEE3EE}.Debug|Any CPU.ActiveCfg = Debug|Any CPU
		{44BF9955-2ADD-4B60-92E1-D769F9FEE3EE}.Debug|Any CPU.Build.0 = Debug|Any CPU
		{44BF9955-2ADD-4B60-92E1-D769F9FEE3EE}.Release|Any CPU.ActiveCfg = Release|Any CPU
		{44BF9955-2ADD-4B60-92E1-D769F9FEE3EE}.Release|Any CPU.Build.0 = Release|Any CPU
		{C75CDC3E-EDA4-49EF-B25E-9221AC89E07F}.Debug|Any CPU.ActiveCfg = Debug|Any CPU
		{C75CDC3E-EDA4-49EF-B25E-9221AC89E07F}.Debug|Any CPU.Build.0 = Debug|Any CPU
		{C75CDC3E-EDA4-49EF-B25E-9221AC89E07F}.Release|Any CPU.ActiveCfg = Release|Any CPU
		{C75CDC3E-EDA4-49EF-B25E-9221AC89E07F}.Release|Any CPU.Build.0 = Release|Any CPU
		{20573E2F-E47D-4B05-88A7-70B80DA47897}.Debug|Any CPU.ActiveCfg = Debug|Any CPU
		{20573E2F-E47D-4B05-88A7-70B80DA47897}.Debug|Any CPU.Build.0 = Debug|Any CPU
		{20573E2F-E47D-4B05-88A7-70B80DA47897}.Release|Any CPU.ActiveCfg = Release|Any CPU
		{20573E2F-E47D-4B05-88A7-70B80DA47897}.Release|Any CPU.Build.0 = Release|Any CPU
		{B1F9FE5D-124E-462F-8F25-3E5FFCCA254F}.Debug|Any CPU.ActiveCfg = Debug|Any CPU
		{B1F9FE5D-124E-462F-8F25-3E5FFCCA254F}.Debug|Any CPU.Build.0 = Debug|Any CPU
		{B1F9FE5D-124E-462F-8F25-3E5FFCCA254F}.Release|Any CPU.ActiveCfg = Release|Any CPU
		{B1F9FE5D-124E-462F-8F25-3E5FFCCA254F}.Release|Any CPU.Build.0 = Release|Any CPU
	EndGlobalSection
	GlobalSection(SolutionProperties) = preSolution
		HideSolutionNode = FALSE
	EndGlobalSection
	GlobalSection(ExtensibilityGlobals) = postSolution
		SolutionGuid = {6BFE60E8-D582-420D-BB58-92E23D0F75BC}
	EndGlobalSection
EndGlobal
